// !$*UTF8*$!
{
	archiveVersion = 1;
	classes = {
	};
	objectVersion = 46;
	objects = {

/* Begin PBXBuildFile section */
		520B655A206399AA00887B02 /* Animator.swift in Sources */ = {isa = PBXBuildFile; fileRef = 520B6559206399A900887B02 /* Animator.swift */; };
		528754011FDDBF5600C331D0 /* GoogleService-Info.plist in Resources */ = {isa = PBXBuildFile; fileRef = 528754001FDDBF5600C331D0 /* GoogleService-Info.plist */; };
		52C6EA6D1FA82B730001E729 /* AppDelegate.swift in Sources */ = {isa = PBXBuildFile; fileRef = 52C6EA6C1FA82B730001E729 /* AppDelegate.swift */; };
		52C6EA6F1FA82B730001E729 /* ViewController.swift in Sources */ = {isa = PBXBuildFile; fileRef = 52C6EA6E1FA82B730001E729 /* ViewController.swift */; };
		52C6EA751FA82B730001E729 /* Gestur.xcdatamodeld in Sources */ = {isa = PBXBuildFile; fileRef = 52C6EA731FA82B730001E729 /* Gestur.xcdatamodeld */; };
		52C6EA771FA82B730001E729 /* Assets.xcassets in Resources */ = {isa = PBXBuildFile; fileRef = 52C6EA761FA82B730001E729 /* Assets.xcassets */; };
		52C6EA7A1FA82B730001E729 /* LaunchScreen.storyboard in Resources */ = {isa = PBXBuildFile; fileRef = 52C6EA781FA82B730001E729 /* LaunchScreen.storyboard */; };
		52C6EA841FA842560001E729 /* GESTUR.png in Resources */ = {isa = PBXBuildFile; fileRef = 52C6EA831FA842560001E729 /* GESTUR.png */; };
		52C6EA8A1FB232A30001E729 /* logIn.swift in Sources */ = {isa = PBXBuildFile; fileRef = 52C6EA891FB232A30001E729 /* logIn.swift */; };
		52C6EA8C1FB232B10001E729 /* signUp.swift in Sources */ = {isa = PBXBuildFile; fileRef = 52C6EA8B1FB232B10001E729 /* signUp.swift */; };
		52C6EA8E1FB232E80001E729 /* camera.swift in Sources */ = {isa = PBXBuildFile; fileRef = 52C6EA8D1FB232E80001E729 /* camera.swift */; };
		52C6EA901FB232F90001E729 /* detail.swift in Sources */ = {isa = PBXBuildFile; fileRef = 52C6EA8F1FB232F90001E729 /* detail.swift */; };
		52C6EA9E1FB29EC80001E729 /* AVFoundation.framework in Frameworks */ = {isa = PBXBuildFile; fileRef = 52C6EA9D1FB29EC80001E729 /* AVFoundation.framework */; };
		52C6EAA01FB29ED00001E729 /* UIKit.framework in Frameworks */ = {isa = PBXBuildFile; fileRef = 52C6EA9F1FB29ED00001E729 /* UIKit.framework */; };
		52C6EAA21FB29EEB0001E729 /* Foundation.framework in Frameworks */ = {isa = PBXBuildFile; fileRef = 52C6EAA11FB29EEB0001E729 /* Foundation.framework */; };
		627CDEE8208B358D0001DACC /* settingsTableViewController.swift in Sources */ = {isa = PBXBuildFile; fileRef = 627CDEE7208B358D0001DACC /* settingsTableViewController.swift */; };
		627CDEEC208B4B9F0001DACC /* chineseSettingsTableViewController.swift in Sources */ = {isa = PBXBuildFile; fileRef = 627CDEEB208B4B9F0001DACC /* chineseSettingsTableViewController.swift */; };
		F2DC3F9948CCB781346409C5 /* Pods_Gestur.framework in Frameworks */ = {isa = PBXBuildFile; fileRef = 4CCBF4C5E38B25F86EB56DDE /* Pods_Gestur.framework */; };
		FF8FF733207CC49000F479C7 /* welcomeController.swift in Sources */ = {isa = PBXBuildFile; fileRef = FF8FF732207CC49000F479C7 /* welcomeController.swift */; };
		FFDAAE52207C8F3100D93130 /* v2.mlmodel in Sources */ = {isa = PBXBuildFile; fileRef = FFDAAE51207C8F3100D93130 /* v2.mlmodel */; };
		FFDB886F1FD06F4300227921 /* Gestur Logo.png in Resources */ = {isa = PBXBuildFile; fileRef = FFDB886E1FD06F4300227921 /* Gestur Logo.png */; };
		FFE65FB81FD071A700D7ECF5 /* Main.storyboard in Resources */ = {isa = PBXBuildFile; fileRef = FFE65FB71FD071A700D7ECF5 /* Main.storyboard */; };
		FFED23AF1FDEDC530011D3EB /* v1.mlmodel in Sources */ = {isa = PBXBuildFile; fileRef = FFED23AE1FDEDC530011D3EB /* v1.mlmodel */; };
/* End PBXBuildFile section */

/* Begin PBXFileReference section */
		4CCBF4C5E38B25F86EB56DDE /* Pods_Gestur.framework */ = {isa = PBXFileReference; explicitFileType = wrapper.framework; includeInIndex = 0; path = Pods_Gestur.framework; sourceTree = BUILT_PRODUCTS_DIR; };
		520B6559206399A900887B02 /* Animator.swift */ = {isa = PBXFileReference; fileEncoding = 4; lastKnownFileType = sourcecode.swift; path = Animator.swift; sourceTree = "<group>"; };
		528754001FDDBF5600C331D0 /* GoogleService-Info.plist */ = {isa = PBXFileReference; fileEncoding = 4; lastKnownFileType = text.plist.xml; path = "GoogleService-Info.plist"; sourceTree = "<group>"; };
		52C6EA691FA82B730001E729 /* Gestur.app */ = {isa = PBXFileReference; explicitFileType = wrapper.application; includeInIndex = 0; path = Gestur.app; sourceTree = BUILT_PRODUCTS_DIR; };
		52C6EA6C1FA82B730001E729 /* AppDelegate.swift */ = {isa = PBXFileReference; lastKnownFileType = sourcecode.swift; path = AppDelegate.swift; sourceTree = "<group>"; };
		52C6EA6E1FA82B730001E729 /* ViewController.swift */ = {isa = PBXFileReference; lastKnownFileType = sourcecode.swift; path = ViewController.swift; sourceTree = "<group>"; };
		52C6EA741FA82B730001E729 /* Gestur.xcdatamodel */ = {isa = PBXFileReference; lastKnownFileType = wrapper.xcdatamodel; path = Gestur.xcdatamodel; sourceTree = "<group>"; };
		52C6EA761FA82B730001E729 /* Assets.xcassets */ = {isa = PBXFileReference; lastKnownFileType = folder.assetcatalog; path = Assets.xcassets; sourceTree = "<group>"; };
		52C6EA791FA82B730001E729 /* Base */ = {isa = PBXFileReference; lastKnownFileType = file.storyboard; name = Base; path = Base.lproj/LaunchScreen.storyboard; sourceTree = "<group>"; };
		52C6EA7B1FA82B730001E729 /* Info.plist */ = {isa = PBXFileReference; lastKnownFileType = text.plist.xml; path = Info.plist; sourceTree = "<group>"; };
		52C6EA831FA842560001E729 /* GESTUR.png */ = {isa = PBXFileReference; lastKnownFileType = image.png; path = GESTUR.png; sourceTree = "<group>"; };
		52C6EA891FB232A30001E729 /* logIn.swift */ = {isa = PBXFileReference; fileEncoding = 4; lastKnownFileType = sourcecode.swift; path = logIn.swift; sourceTree = "<group>"; };
		52C6EA8B1FB232B10001E729 /* signUp.swift */ = {isa = PBXFileReference; fileEncoding = 4; lastKnownFileType = sourcecode.swift; path = signUp.swift; sourceTree = "<group>"; };
		52C6EA8D1FB232E80001E729 /* camera.swift */ = {isa = PBXFileReference; fileEncoding = 4; lastKnownFileType = sourcecode.swift; path = camera.swift; sourceTree = "<group>"; };
		52C6EA8F1FB232F90001E729 /* detail.swift */ = {isa = PBXFileReference; fileEncoding = 4; lastKnownFileType = sourcecode.swift; path = detail.swift; sourceTree = "<group>"; };
		52C6EA9D1FB29EC80001E729 /* AVFoundation.framework */ = {isa = PBXFileReference; lastKnownFileType = wrapper.framework; name = AVFoundation.framework; path = System/Library/Frameworks/AVFoundation.framework; sourceTree = SDKROOT; };
		52C6EA9F1FB29ED00001E729 /* UIKit.framework */ = {isa = PBXFileReference; lastKnownFileType = wrapper.framework; name = UIKit.framework; path = System/Library/Frameworks/UIKit.framework; sourceTree = SDKROOT; };
		52C6EAA11FB29EEB0001E729 /* Foundation.framework */ = {isa = PBXFileReference; lastKnownFileType = wrapper.framework; name = Foundation.framework; path = System/Library/Frameworks/Foundation.framework; sourceTree = SDKROOT; };
		627CDEE7208B358D0001DACC /* settingsTableViewController.swift */ = {isa = PBXFileReference; lastKnownFileType = sourcecode.swift; path = settingsTableViewController.swift; sourceTree = "<group>"; };
		627CDEEB208B4B9F0001DACC /* chineseSettingsTableViewController.swift */ = {isa = PBXFileReference; lastKnownFileType = sourcecode.swift; path = chineseSettingsTableViewController.swift; sourceTree = "<group>"; };
		A96B30FBEEE8047100744C2D /* Pods-Gestur.debug.xcconfig */ = {isa = PBXFileReference; includeInIndex = 1; lastKnownFileType = text.xcconfig; name = "Pods-Gestur.debug.xcconfig"; path = "Pods/Target Support Files/Pods-Gestur/Pods-Gestur.debug.xcconfig"; sourceTree = "<group>"; };
		F53E324020462821D511EC2F /* Pods-Gestur.release.xcconfig */ = {isa = PBXFileReference; includeInIndex = 1; lastKnownFileType = text.xcconfig; name = "Pods-Gestur.release.xcconfig"; path = "Pods/Target Support Files/Pods-Gestur/Pods-Gestur.release.xcconfig"; sourceTree = "<group>"; };
		FF8FF732207CC49000F479C7 /* welcomeController.swift */ = {isa = PBXFileReference; lastKnownFileType = sourcecode.swift; path = welcomeController.swift; sourceTree = "<group>"; };
		FFDAAE51207C8F3100D93130 /* v2.mlmodel */ = {isa = PBXFileReference; lastKnownFileType = file.mlmodel; path = v2.mlmodel; sourceTree = "<group>"; };
		FFDB886E1FD06F4300227921 /* Gestur Logo.png */ = {isa = PBXFileReference; lastKnownFileType = image.png; path = "Gestur Logo.png"; sourceTree = "<group>"; };
		FFE65FB71FD071A700D7ECF5 /* Main.storyboard */ = {isa = PBXFileReference; fileEncoding = 4; lastKnownFileType = file.storyboard; path = Main.storyboard; sourceTree = "<group>"; };
		FFED23AE1FDEDC530011D3EB /* v1.mlmodel */ = {isa = PBXFileReference; lastKnownFileType = file.mlmodel; path = v1.mlmodel; sourceTree = "<group>"; };
/* End PBXFileReference section */

/* Begin PBXFrameworksBuildPhase section */
		52C6EA661FA82B730001E729 /* Frameworks */ = {
			isa = PBXFrameworksBuildPhase;
			buildActionMask = 2147483647;
			files = (
				52C6EAA21FB29EEB0001E729 /* Foundation.framework in Frameworks */,
				52C6EAA01FB29ED00001E729 /* UIKit.framework in Frameworks */,
				52C6EA9E1FB29EC80001E729 /* AVFoundation.framework in Frameworks */,
				F2DC3F9948CCB781346409C5 /* Pods_Gestur.framework in Frameworks */,
			);
			runOnlyForDeploymentPostprocessing = 0;
		};
/* End PBXFrameworksBuildPhase section */

/* Begin PBXGroup section */
		0EE861760AF9C428E6E18DDA /* Pods */ = {
			isa = PBXGroup;
			children = (
				A96B30FBEEE8047100744C2D /* Pods-Gestur.debug.xcconfig */,
				F53E324020462821D511EC2F /* Pods-Gestur.release.xcconfig */,
			);
			name = Pods;
			sourceTree = "<group>";
		};
		52C6EA601FA82B730001E729 = {
			isa = PBXGroup;
			children = (
				52C6EA6B1FA82B730001E729 /* Gestur */,
				52C6EA6A1FA82B730001E729 /* Products */,
				52C6EA9C1FB29EC80001E729 /* Frameworks */,
				0EE861760AF9C428E6E18DDA /* Pods */,
			);
			sourceTree = "<group>";
		};
		52C6EA6A1FA82B730001E729 /* Products */ = {
			isa = PBXGroup;
			children = (
				52C6EA691FA82B730001E729 /* Gestur.app */,
			);
			name = Products;
			sourceTree = "<group>";
		};
		52C6EA6B1FA82B730001E729 /* Gestur */ = {
			isa = PBXGroup;
			children = (
				520B6559206399A900887B02 /* Animator.swift */,
				FFDAAE51207C8F3100D93130 /* v2.mlmodel */,
				FFDB886E1FD06F4300227921 /* Gestur Logo.png */,
				52C6EA831FA842560001E729 /* GESTUR.png */,
				52C6EA6C1FA82B730001E729 /* AppDelegate.swift */,
				52C6EA6E1FA82B730001E729 /* ViewController.swift */,
				FFE65FB71FD071A700D7ECF5 /* Main.storyboard */,
				52C6EA761FA82B730001E729 /* Assets.xcassets */,
				52C6EA781FA82B730001E729 /* LaunchScreen.storyboard */,
				528754001FDDBF5600C331D0 /* GoogleService-Info.plist */,
				52C6EA7B1FA82B730001E729 /* Info.plist */,
				52C6EA731FA82B730001E729 /* Gestur.xcdatamodeld */,
				52C6EA891FB232A30001E729 /* logIn.swift */,
				52C6EA8B1FB232B10001E729 /* signUp.swift */,
				52C6EA8D1FB232E80001E729 /* camera.swift */,
				52C6EA8F1FB232F90001E729 /* detail.swift */,
				FFED23AE1FDEDC530011D3EB /* v1.mlmodel */,
				FF8FF732207CC49000F479C7 /* welcomeController.swift */,
				627CDEE7208B358D0001DACC /* settingsTableViewController.swift */,
				627CDEEB208B4B9F0001DACC /* chineseSettingsTableViewController.swift */,
			);
			path = Gestur;
			sourceTree = "<group>";
		};
		52C6EA9C1FB29EC80001E729 /* Frameworks */ = {
			isa = PBXGroup;
			children = (
				52C6EAA11FB29EEB0001E729 /* Foundation.framework */,
				52C6EA9F1FB29ED00001E729 /* UIKit.framework */,
				52C6EA9D1FB29EC80001E729 /* AVFoundation.framework */,
				4CCBF4C5E38B25F86EB56DDE /* Pods_Gestur.framework */,
			);
			name = Frameworks;
			sourceTree = "<group>";
		};
/* End PBXGroup section */

/* Begin PBXNativeTarget section */
		52C6EA681FA82B730001E729 /* Gestur */ = {
			isa = PBXNativeTarget;
			buildConfigurationList = 52C6EA7E1FA82B730001E729 /* Build configuration list for PBXNativeTarget "Gestur" */;
			buildPhases = (
				93289CA09C2738235E2AC947 /* [CP] Check Pods Manifest.lock */,
				52C6EA651FA82B730001E729 /* Sources */,
				52C6EA661FA82B730001E729 /* Frameworks */,
				52C6EA671FA82B730001E729 /* Resources */,
				1FE7C5EDD929108BB6E6A193 /* [CP] Embed Pods Frameworks */,
			);
			buildRules = (
			);
			dependencies = (
			);
			name = Gestur;
			productName = Gestur;
			productReference = 52C6EA691FA82B730001E729 /* Gestur.app */;
			productType = "com.apple.product-type.application";
		};
/* End PBXNativeTarget section */

/* Begin PBXProject section */
		52C6EA611FA82B730001E729 /* Project object */ = {
			isa = PBXProject;
			attributes = {
				LastSwiftUpdateCheck = 0830;
				LastUpgradeCheck = 0830;
				ORGANIZATIONNAME = tk;
				TargetAttributes = {
					52C6EA681FA82B730001E729 = {
						CreatedOnToolsVersion = 8.3.3;
						DevelopmentTeam = JJ9S6U4NC3;
						ProvisioningStyle = Automatic;
					};
				};
			};
			buildConfigurationList = 52C6EA641FA82B730001E729 /* Build configuration list for PBXProject "Gestur" */;
			compatibilityVersion = "Xcode 3.2";
			developmentRegion = English;
			hasScannedForEncodings = 0;
			knownRegions = (
				en,
				Base,
			);
			mainGroup = 52C6EA601FA82B730001E729;
			productRefGroup = 52C6EA6A1FA82B730001E729 /* Products */;
			projectDirPath = "";
			projectRoot = "";
			targets = (
				52C6EA681FA82B730001E729 /* Gestur */,
			);
		};
/* End PBXProject section */

/* Begin PBXResourcesBuildPhase section */
		52C6EA671FA82B730001E729 /* Resources */ = {
			isa = PBXResourcesBuildPhase;
			buildActionMask = 2147483647;
			files = (
				FFE65FB81FD071A700D7ECF5 /* Main.storyboard in Resources */,
				52C6EA7A1FA82B730001E729 /* LaunchScreen.storyboard in Resources */,
				FFDB886F1FD06F4300227921 /* Gestur Logo.png in Resources */,
				52C6EA771FA82B730001E729 /* Assets.xcassets in Resources */,
				52C6EA841FA842560001E729 /* GESTUR.png in Resources */,
				528754011FDDBF5600C331D0 /* GoogleService-Info.plist in Resources */,
			);
			runOnlyForDeploymentPostprocessing = 0;
		};
/* End PBXResourcesBuildPhase section */

/* Begin PBXShellScriptBuildPhase section */
		1FE7C5EDD929108BB6E6A193 /* [CP] Embed Pods Frameworks */ = {
			isa = PBXShellScriptBuildPhase;
			buildActionMask = 2147483647;
			files = (
			);
			inputPaths = (
				"${SRCROOT}/Pods/Target Support Files/Pods-Gestur/Pods-Gestur-frameworks.sh",
				"${BUILT_PRODUCTS_DIR}/GTMSessionFetcher/GTMSessionFetcher.framework",
				"${BUILT_PRODUCTS_DIR}/GoogleToolboxForMac/GoogleToolboxForMac.framework",
				"${BUILT_PRODUCTS_DIR}/IQKeyboardManagerSwift/IQKeyboardManagerSwift.framework",
				"${BUILT_PRODUCTS_DIR}/leveldb-library/leveldb.framework",
				"${BUILT_PRODUCTS_DIR}/nanopb/nanopb.framework",
			);
			name = "[CP] Embed Pods Frameworks";
			outputPaths = (
				"${TARGET_BUILD_DIR}/${FRAMEWORKS_FOLDER_PATH}/GTMSessionFetcher.framework",
				"${TARGET_BUILD_DIR}/${FRAMEWORKS_FOLDER_PATH}/GoogleToolboxForMac.framework",
				"${TARGET_BUILD_DIR}/${FRAMEWORKS_FOLDER_PATH}/IQKeyboardManagerSwift.framework",
				"${TARGET_BUILD_DIR}/${FRAMEWORKS_FOLDER_PATH}/leveldb.framework",
				"${TARGET_BUILD_DIR}/${FRAMEWORKS_FOLDER_PATH}/nanopb.framework",
			);
			runOnlyForDeploymentPostprocessing = 0;
			shellPath = /bin/sh;
			shellScript = "\"${SRCROOT}/Pods/Target Support Files/Pods-Gestur/Pods-Gestur-frameworks.sh\"\n";
			showEnvVarsInLog = 0;
		};
		93289CA09C2738235E2AC947 /* [CP] Check Pods Manifest.lock */ = {
			isa = PBXShellScriptBuildPhase;
			buildActionMask = 2147483647;
			files = (
			);
			inputPaths = (
				"${PODS_PODFILE_DIR_PATH}/Podfile.lock",
				"${PODS_ROOT}/Manifest.lock",
			);
			name = "[CP] Check Pods Manifest.lock";
			outputPaths = (
				"$(DERIVED_FILE_DIR)/Pods-Gestur-checkManifestLockResult.txt",
			);
			runOnlyForDeploymentPostprocessing = 0;
			shellPath = /bin/sh;
			shellScript = "diff \"${PODS_PODFILE_DIR_PATH}/Podfile.lock\" \"${PODS_ROOT}/Manifest.lock\" > /dev/null\nif [ $? != 0 ] ; then\n    # print error to STDERR\n    echo \"error: The sandbox is not in sync with the Podfile.lock. Run 'pod install' or update your CocoaPods installation.\" >&2\n    exit 1\nfi\n# This output is used by Xcode 'outputs' to avoid re-running this script phase.\necho \"SUCCESS\" > \"${SCRIPT_OUTPUT_FILE_0}\"\n";
			showEnvVarsInLog = 0;
		};
/* End PBXShellScriptBuildPhase section */

/* Begin PBXSourcesBuildPhase section */
		52C6EA651FA82B730001E729 /* Sources */ = {
			isa = PBXSourcesBuildPhase;
			buildActionMask = 2147483647;
			files = (
				52C6EA8C1FB232B10001E729 /* signUp.swift in Sources */,
				FF8FF733207CC49000F479C7 /* welcomeController.swift in Sources */,
				FFED23AF1FDEDC530011D3EB /* v1.mlmodel in Sources */,
				FFDAAE52207C8F3100D93130 /* v2.mlmodel in Sources */,
				52C6EA6F1FA82B730001E729 /* ViewController.swift in Sources */,
				52C6EA901FB232F90001E729 /* detail.swift in Sources */,
				52C6EA751FA82B730001E729 /* Gestur.xcdatamodeld in Sources */,
				627CDEEC208B4B9F0001DACC /* chineseSettingsTableViewController.swift in Sources */,
				52C6EA6D1FA82B730001E729 /* AppDelegate.swift in Sources */,
				627CDEE8208B358D0001DACC /* settingsTableViewController.swift in Sources */,
				52C6EA8A1FB232A30001E729 /* logIn.swift in Sources */,
				520B655A206399AA00887B02 /* Animator.swift in Sources */,
				52C6EA8E1FB232E80001E729 /* camera.swift in Sources */,
			);
			runOnlyForDeploymentPostprocessing = 0;
		};
/* End PBXSourcesBuildPhase section */

/* Begin PBXVariantGroup section */
		52C6EA781FA82B730001E729 /* LaunchScreen.storyboard */ = {
			isa = PBXVariantGroup;
			children = (
				52C6EA791FA82B730001E729 /* Base */,
			);
			name = LaunchScreen.storyboard;
			sourceTree = "<group>";
		};
/* End PBXVariantGroup section */

/* Begin XCBuildConfiguration section */
		52C6EA7C1FA82B730001E729 /* Debug */ = {
			isa = XCBuildConfiguration;
			buildSettings = {
				ALWAYS_SEARCH_USER_PATHS = NO;
				CLANG_ANALYZER_NONNULL = YES;
				CLANG_ANALYZER_NUMBER_OBJECT_CONVERSION = YES_AGGRESSIVE;
				CLANG_CXX_LANGUAGE_STANDARD = "gnu++0x";
				CLANG_CXX_LIBRARY = "libc++";
				CLANG_ENABLE_MODULES = YES;
				CLANG_ENABLE_OBJC_ARC = YES;
				CLANG_WARN_BOOL_CONVERSION = YES;
				CLANG_WARN_CONSTANT_CONVERSION = YES;
				CLANG_WARN_DIRECT_OBJC_ISA_USAGE = YES_ERROR;
				CLANG_WARN_DOCUMENTATION_COMMENTS = YES;
				CLANG_WARN_EMPTY_BODY = YES;
				CLANG_WARN_ENUM_CONVERSION = YES;
				CLANG_WARN_INFINITE_RECURSION = YES;
				CLANG_WARN_INT_CONVERSION = YES;
				CLANG_WARN_OBJC_ROOT_CLASS = YES_ERROR;
				CLANG_WARN_SUSPICIOUS_MOVE = YES;
				CLANG_WARN_UNREACHABLE_CODE = YES;
				CLANG_WARN__DUPLICATE_METHOD_MATCH = YES;
				"CODE_SIGN_IDENTITY[sdk=iphoneos*]" = "iPhone Developer";
				COPY_PHASE_STRIP = NO;
				DEBUG_INFORMATION_FORMAT = dwarf;
				ENABLE_STRICT_OBJC_MSGSEND = YES;
				ENABLE_TESTABILITY = YES;
				GCC_C_LANGUAGE_STANDARD = gnu99;
				GCC_DYNAMIC_NO_PIC = NO;
				GCC_NO_COMMON_BLOCKS = YES;
				GCC_OPTIMIZATION_LEVEL = 0;
				GCC_PREPROCESSOR_DEFINITIONS = (
					"DEBUG=1",
					"$(inherited)",
				);
				GCC_WARN_64_TO_32_BIT_CONVERSION = YES;
				GCC_WARN_ABOUT_RETURN_TYPE = YES_ERROR;
				GCC_WARN_UNDECLARED_SELECTOR = YES;
				GCC_WARN_UNINITIALIZED_AUTOS = YES_AGGRESSIVE;
				GCC_WARN_UNUSED_FUNCTION = YES;
				GCC_WARN_UNUSED_VARIABLE = YES;
				IPHONEOS_DEPLOYMENT_TARGET = 11.0;
				MTL_ENABLE_DEBUG_INFO = YES;
				ONLY_ACTIVE_ARCH = YES;
				SDKROOT = iphoneos;
				SWIFT_ACTIVE_COMPILATION_CONDITIONS = DEBUG;
				SWIFT_OPTIMIZATION_LEVEL = "-Onone";
				TARGETED_DEVICE_FAMILY = "1,2";
			};
			name = Debug;
		};
		52C6EA7D1FA82B730001E729 /* Release */ = {
			isa = XCBuildConfiguration;
			buildSettings = {
				ALWAYS_SEARCH_USER_PATHS = NO;
				CLANG_ANALYZER_NONNULL = YES;
				CLANG_ANALYZER_NUMBER_OBJECT_CONVERSION = YES_AGGRESSIVE;
				CLANG_CXX_LANGUAGE_STANDARD = "gnu++0x";
				CLANG_CXX_LIBRARY = "libc++";
				CLANG_ENABLE_MODULES = YES;
				CLANG_ENABLE_OBJC_ARC = YES;
				CLANG_WARN_BOOL_CONVERSION = YES;
				CLANG_WARN_CONSTANT_CONVERSION = YES;
				CLANG_WARN_DIRECT_OBJC_ISA_USAGE = YES_ERROR;
				CLANG_WARN_DOCUMENTATION_COMMENTS = YES;
				CLANG_WARN_EMPTY_BODY = YES;
				CLANG_WARN_ENUM_CONVERSION = YES;
				CLANG_WARN_INFINITE_RECURSION = YES;
				CLANG_WARN_INT_CONVERSION = YES;
				CLANG_WARN_OBJC_ROOT_CLASS = YES_ERROR;
				CLANG_WARN_SUSPICIOUS_MOVE = YES;
				CLANG_WARN_UNREACHABLE_CODE = YES;
				CLANG_WARN__DUPLICATE_METHOD_MATCH = YES;
				"CODE_SIGN_IDENTITY[sdk=iphoneos*]" = "iPhone Developer";
				COPY_PHASE_STRIP = NO;
				DEBUG_INFORMATION_FORMAT = "dwarf-with-dsym";
				ENABLE_NS_ASSERTIONS = NO;
				ENABLE_STRICT_OBJC_MSGSEND = YES;
				GCC_C_LANGUAGE_STANDARD = gnu99;
				GCC_NO_COMMON_BLOCKS = YES;
				GCC_WARN_64_TO_32_BIT_CONVERSION = YES;
				GCC_WARN_ABOUT_RETURN_TYPE = YES_ERROR;
				GCC_WARN_UNDECLARED_SELECTOR = YES;
				GCC_WARN_UNINITIALIZED_AUTOS = YES_AGGRESSIVE;
				GCC_WARN_UNUSED_FUNCTION = YES;
				GCC_WARN_UNUSED_VARIABLE = YES;
				IPHONEOS_DEPLOYMENT_TARGET = 11.0;
				MTL_ENABLE_DEBUG_INFO = NO;
				SDKROOT = iphoneos;
				SWIFT_OPTIMIZATION_LEVEL = "-Owholemodule";
				TARGETED_DEVICE_FAMILY = "1,2";
				VALIDATE_PRODUCT = YES;
			};
			name = Release;
		};
		52C6EA7F1FA82B730001E729 /* Debug */ = {
			isa = XCBuildConfiguration;
			baseConfigurationReference = A96B30FBEEE8047100744C2D /* Pods-Gestur.debug.xcconfig */;
			buildSettings = {
				ASSETCATALOG_COMPILER_APPICON_NAME = "AppIcon-1";
				"CODE_SIGN_IDENTITY[sdk=iphoneos*]" = "iPhone Developer";
				DEVELOPMENT_TEAM = JJ9S6U4NC3;
				INFOPLIST_FILE = Gestur/Info.plist;
				IPHONEOS_DEPLOYMENT_TARGET = 11.0;
				LD_RUNPATH_SEARCH_PATHS = "$(inherited) @executable_path/Frameworks";
				PRODUCT_BUNDLE_IDENTIFIER = gestur;
				PRODUCT_NAME = "$(TARGET_NAME)";
				PROVISIONING_PROFILE_SPECIFIER = "";
				SWIFT_VERSION = 3.0;
			};
			name = Debug;
		};
		52C6EA801FA82B730001E729 /* Release */ = {
			isa = XCBuildConfiguration;
			baseConfigurationReference = F53E324020462821D511EC2F /* Pods-Gestur.release.xcconfig */;
			buildSettings = {
				ASSETCATALOG_COMPILER_APPICON_NAME = "AppIcon-1";
				"CODE_SIGN_IDENTITY[sdk=iphoneos*]" = "iPhone Developer";
				DEVELOPMENT_TEAM = JJ9S6U4NC3;
				INFOPLIST_FILE = Gestur/Info.plist;
				IPHONEOS_DEPLOYMENT_TARGET = 11.0;
				LD_RUNPATH_SEARCH_PATHS = "$(inherited) @executable_path/Frameworks";
				PRODUCT_BUNDLE_IDENTIFIER = gestur;
				PRODUCT_NAME = "$(TARGET_NAME)";
				PROVISIONING_PROFILE_SPECIFIER = "";
				SWIFT_VERSION = 3.0;
			};
			name = Release;
		};
/* End XCBuildConfiguration section */

/* Begin XCConfigurationList section */
		52C6EA641FA82B730001E729 /* Build configuration list for PBXProject "Gestur" */ = {
			isa = XCConfigurationList;
			buildConfigurations = (
				52C6EA7C1FA82B730001E729 /* Debug */,
				52C6EA7D1FA82B730001E729 /* Release */,
			);
			defaultConfigurationIsVisible = 0;
			defaultConfigurationName = Release;
		};
		52C6EA7E1FA82B730001E729 /* Build configuration list for PBXNativeTarget "Gestur" */ = {
			isa = XCConfigurationList;
			buildConfigurations = (
				52C6EA7F1FA82B730001E729 /* Debug */,
				52C6EA801FA82B730001E729 /* Release */,
			);
			defaultConfigurationIsVisible = 0;
			defaultConfigurationName = Release;
		};
/* End XCConfigurationList section */

/* Begin XCVersionGroup section */
		52C6EA731FA82B730001E729 /* Gestur.xcdatamodeld */ = {
			isa = XCVersionGroup;
			children = (
				52C6EA741FA82B730001E729 /* Gestur.xcdatamodel */,
			);
			currentVersion = 52C6EA741FA82B730001E729 /* Gestur.xcdatamodel */;
			path = Gestur.xcdatamodeld;
			sourceTree = "<group>";
			versionGroupType = wrapper.xcdatamodel;
		};
/* End XCVersionGroup section */
	};
	rootObject = 52C6EA611FA82B730001E729 /* Project object */;
}
