// !$*UTF8*$!
{
	archiveVersion = 1;
	classes = {
	};
	objectVersion = 46;
	objects = {

/* Begin PBXBuildFile section */
		52C6EA6D1FA82B730001E729 /* AppDelegate.swift in Sources */ = {isa = PBXBuildFile; fileRef = 52C6EA6C1FA82B730001E729 /* AppDelegate.swift */; };
		52C6EA6F1FA82B730001E729 /* ViewController.swift in Sources */ = {isa = PBXBuildFile; fileRef = 52C6EA6E1FA82B730001E729 /* ViewController.swift */; };
		52C6EA721FA82B730001E729 /* Main.storyboard in Resources */ = {isa = PBXBuildFile; fileRef = 52C6EA701FA82B730001E729 /* Main.storyboard */; };
		52C6EA751FA82B730001E729 /* Gestur.xcdatamodeld in Sources */ = {isa = PBXBuildFile; fileRef = 52C6EA731FA82B730001E729 /* Gestur.xcdatamodeld */; };
		52C6EA771FA82B730001E729 /* Assets.xcassets in Resources */ = {isa = PBXBuildFile; fileRef = 52C6EA761FA82B730001E729 /* Assets.xcassets */; };
		52C6EA7A1FA82B730001E729 /* LaunchScreen.storyboard in Resources */ = {isa = PBXBuildFile; fileRef = 52C6EA781FA82B730001E729 /* LaunchScreen.storyboard */; };
		52C6EA821FA833FC0001E729 /* SignIn.swift in Sources */ = {isa = PBXBuildFile; fileRef = 52C6EA811FA833FB0001E729 /* SignIn.swift */; };
		52C6EA841FA842560001E729 /* GESTUR.png in Resources */ = {isa = PBXBuildFile; fileRef = 52C6EA831FA842560001E729 /* GESTUR.png */; };
		FFBA1E621FA8CDC7007CA6B3 /* camera.jpg in Resources */ = {isa = PBXBuildFile; fileRef = FFBA1E611FA8CDC7007CA6B3 /* camera.jpg */; };
/* End PBXBuildFile section */

/* Begin PBXFileReference section */
		52C6EA691FA82B730001E729 /* Gestur.app */ = {isa = PBXFileReference; explicitFileType = wrapper.application; includeInIndex = 0; path = Gestur.app; sourceTree = BUILT_PRODUCTS_DIR; };
		52C6EA6C1FA82B730001E729 /* AppDelegate.swift */ = {isa = PBXFileReference; lastKnownFileType = sourcecode.swift; path = AppDelegate.swift; sourceTree = "<group>"; };
		52C6EA6E1FA82B730001E729 /* ViewController.swift */ = {isa = PBXFileReference; lastKnownFileType = sourcecode.swift; path = ViewController.swift; sourceTree = "<group>"; };
		52C6EA711FA82B730001E729 /* Base */ = {isa = PBXFileReference; lastKnownFileType = file.storyboard; name = Base; path = Base.lproj/Main.storyboard; sourceTree = "<group>"; };
		52C6EA741FA82B730001E729 /* Gestur.xcdatamodel */ = {isa = PBXFileReference; lastKnownFileType = wrapper.xcdatamodel; path = Gestur.xcdatamodel; sourceTree = "<group>"; };
		52C6EA761FA82B730001E729 /* Assets.xcassets */ = {isa = PBXFileReference; lastKnownFileType = folder.assetcatalog; path = Assets.xcassets; sourceTree = "<group>"; };
		52C6EA791FA82B730001E729 /* Base */ = {isa = PBXFileReference; lastKnownFileType = file.storyboard; name = Base; path = Base.lproj/LaunchScreen.storyboard; sourceTree = "<group>"; };
		52C6EA7B1FA82B730001E729 /* Info.plist */ = {isa = PBXFileReference; lastKnownFileType = text.plist.xml; path = Info.plist; sourceTree = "<group>"; };
		52C6EA811FA833FB0001E729 /* SignIn.swift */ = {isa = PBXFileReference; fileEncoding = 4; lastKnownFileType = sourcecode.swift; path = SignIn.swift; sourceTree = "<group>"; };
		52C6EA831FA842560001E729 /* GESTUR.png */ = {isa = PBXFileReference; lastKnownFileType = image.png; path = GESTUR.png; sourceTree = "<group>"; };
		FFBA1E611FA8CDC7007CA6B3 /* camera.jpg */ = {isa = PBXFileReference; lastKnownFileType = image.jpeg; path = camera.jpg; sourceTree = "<group>"; };
/* End PBXFileReference section */

/* Begin PBXFrameworksBuildPhase section */
		52C6EA661FA82B730001E729 /* Frameworks */ = {
			isa = PBXFrameworksBuildPhase;
			buildActionMask = 2147483647;
			files = (
			);
			runOnlyForDeploymentPostprocessing = 0;
		};
/* End PBXFrameworksBuildPhase section */

/* Begin PBXGroup section */
		52C6EA601FA82B730001E729 = {
			isa = PBXGroup;
			children = (
				52C6EA6B1FA82B730001E729 /* Gestur */,
				52C6EA6A1FA82B730001E729 /* Products */,
			);
			sourceTree = "<group>";
		};
		52C6EA6A1FA82B730001E729 /* Products */ = {
			isa = PBXGroup;
			children = (
				52C6EA691FA82B730001E729 /* Gestur.app */,
			);
			name = Products;
			sourceTree = "<group>";
		};
		52C6EA6B1FA82B730001E729 /* Gestur */ = {
			isa = PBXGroup;
			children = (
				52C6EA831FA842560001E729 /* GESTUR.png */,
				52C6EA6C1FA82B730001E729 /* AppDelegate.swift */,
				52C6EA6E1FA82B730001E729 /* ViewController.swift */,
				52C6EA701FA82B730001E729 /* Main.storyboard */,
				FFBA1E611FA8CDC7007CA6B3 /* camera.jpg */,
				52C6EA761FA82B730001E729 /* Assets.xcassets */,
				52C6EA781FA82B730001E729 /* LaunchScreen.storyboard */,
				52C6EA7B1FA82B730001E729 /* Info.plist */,
				52C6EA731FA82B730001E729 /* Gestur.xcdatamodeld */,
				52C6EA811FA833FB0001E729 /* SignIn.swift */,
			);
			path = Gestur;
			sourceTree = "<group>";
		};
/* End PBXGroup section */

/* Begin PBXNativeTarget section */
		52C6EA681FA82B730001E729 /* Gestur */ = {
			isa = PBXNativeTarget;
			buildConfigurationList = 52C6EA7E1FA82B730001E729 /* Build configuration list for PBXNativeTarget "Gestur" */;
			buildPhases = (
				52C6EA651FA82B730001E729 /* Sources */,
				52C6EA661FA82B730001E729 /* Frameworks */,
				52C6EA671FA82B730001E729 /* Resources */,
			);
			buildRules = (
			);
			dependencies = (
			);
			name = Gestur;
			productName = Gestur;
			productReference = 52C6EA691FA82B730001E729 /* Gestur.app */;
			productType = "com.apple.product-type.application";
		};
/* End PBXNativeTarget section */

/* Begin PBXProject section */
		52C6EA611FA82B730001E729 /* Project object */ = {
			isa = PBXProject;
			attributes = {
				LastSwiftUpdateCheck = 0830;
				LastUpgradeCheck = 0830;
				ORGANIZATIONNAME = tk;
				TargetAttributes = {
					52C6EA681FA82B730001E729 = {
						CreatedOnToolsVersion = 8.3.3;
						DevelopmentTeam = ZZ698KZ5HN;
						ProvisioningStyle = Automatic;
					};
				};
			};
			buildConfigurationList = 52C6EA641FA82B730001E729 /* Build configuration list for PBXProject "Gestur" */;
			compatibilityVersion = "Xcode 3.2";
			developmentRegion = English;
			hasScannedForEncodings = 0;
			knownRegions = (
				en,
				Base,
			);
			mainGroup = 52C6EA601FA82B730001E729;
			productRefGroup = 52C6EA6A1FA82B730001E729 /* Products */;
			projectDirPath = "";
			projectRoot = "";
			targets = (
				52C6EA681FA82B730001E729 /* Gestur */,
			);
		};
/* End PBXProject section */

/* Begin PBXResourcesBuildPhase section */
		52C6EA671FA82B730001E729 /* Resources */ = {
			isa = PBXResourcesBuildPhase;
			buildActionMask = 2147483647;
			files = (
				52C6EA7A1FA82B730001E729 /* LaunchScreen.storyboard in Resources */,
				52C6EA771FA82B730001E729 /* Assets.xcassets in Resources */,
				52C6EA721FA82B730001E729 /* Main.storyboard in Resources */,
				52C6EA841FA842560001E729 /* GESTUR.png in Resources */,
				FFBA1E621FA8CDC7007CA6B3 /* camera.jpg in Resources */,
			);
			runOnlyForDeploymentPostprocessing = 0;
		};
/* End PBXResourcesBuildPhase section */

/* Begin PBXSourcesBuildPhase section */
		52C6EA651FA82B730001E729 /* Sources */ = {
			isa = PBXSourcesBuildPhase;
			buildActionMask = 2147483647;
			files = (
				52C6EA821FA833FC0001E729 /* SignIn.swift in Sources */,
				52C6EA6F1FA82B730001E729 /* ViewController.swift in Sources */,
				52C6EA751FA82B730001E729 /* Gestur.xcdatamodeld in Sources */,
				52C6EA6D1FA82B730001E729 /* AppDelegate.swift in Sources */,
			);
			runOnlyForDeploymentPostprocessing = 0;
		};
/* End PBXSourcesBuildPhase section */

/* Begin PBXVariantGroup section */
		52C6EA701FA82B730001E729 /* Main.storyboard */ = {
			isa = PBXVariantGroup;
			children = (
				52C6EA711FA82B730001E729 /* Base */,
			);
			name = Main.storyboard;
			sourceTree = "<group>";
		};
		52C6EA781FA82B730001E729 /* LaunchScreen.storyboard */ = {
			isa = PBXVariantGroup;
			children = (
				52C6EA791FA82B730001E729 /* Base */,
			);
			name = LaunchScreen.storyboard;
			sourceTree = "<group>";
		};
/* End PBXVariantGroup section */

/* Begin XCBuildConfiguration section */
		52C6EA7C1FA82B730001E729 /* Debug */ = {
			isa = XCBuildConfiguration;
			buildSettings = {
				ALWAYS_SEARCH_USER_PATHS = NO;
				CLANG_ANALYZER_NONNULL = YES;
				CLANG_ANALYZER_NUMBER_OBJECT_CONVERSION = YES_AGGRESSIVE;
				CLANG_CXX_LANGUAGE_STANDARD = "gnu++0x";
				CLANG_CXX_LIBRARY = "libc++";
				CLANG_ENABLE_MODULES = YES;
				CLANG_ENABLE_OBJC_ARC = YES;
				CLANG_WARN_BOOL_CONVERSION = YES;
				CLANG_WARN_CONSTANT_CONVERSION = YES;
				CLANG_WARN_DIRECT_OBJC_ISA_USAGE = YES_ERROR;
				CLANG_WARN_DOCUMENTATION_COMMENTS = YES;
				CLANG_WARN_EMPTY_BODY = YES;
				CLANG_WARN_ENUM_CONVERSION = YES;
				CLANG_WARN_INFINITE_RECURSION = YES;
				CLANG_WARN_INT_CONVERSION = YES;
				CLANG_WARN_OBJC_ROOT_CLASS = YES_ERROR;
				CLANG_WARN_SUSPICIOUS_MOVE = YES;
				CLANG_WARN_UNREACHABLE_CODE = YES;
				CLANG_WARN__DUPLICATE_METHOD_MATCH = YES;
				"CODE_SIGN_IDENTITY[sdk=iphoneos*]" = "iPhone Developer";
				COPY_PHASE_STRIP = NO;
				DEBUG_INFORMATION_FORMAT = dwarf;
				ENABLE_STRICT_OBJC_MSGSEND = YES;
				ENABLE_TESTABILITY = YES;
				GCC_C_LANGUAGE_STANDARD = gnu99;
				GCC_DYNAMIC_NO_PIC = NO;
				GCC_NO_COMMON_BLOCKS = YES;
				GCC_OPTIMIZATION_LEVEL = 0;
				GCC_PREPROCESSOR_DEFINITIONS = (
					"DEBUG=1",
					"$(inherited)",
				);
				GCC_WARN_64_TO_32_BIT_CONVERSION = YES;
				GCC_WARN_ABOUT_RETURN_TYPE = YES_ERROR;
				GCC_WARN_UNDECLARED_SELECTOR = YES;
				GCC_WARN_UNINITIALIZED_AUTOS = YES_AGGRESSIVE;
				GCC_WARN_UNUSED_FUNCTION = YES;
				GCC_WARN_UNUSED_VARIABLE = YES;
				IPHONEOS_DEPLOYMENT_TARGET = 10.3;
				MTL_ENABLE_DEBUG_INFO = YES;
				ONLY_ACTIVE_ARCH = YES;
				SDKROOT = iphoneos;
				SWIFT_ACTIVE_COMPILATION_CONDITIONS = DEBUG;
				SWIFT_OPTIMIZATION_LEVEL = "-Onone";
				TARGETED_DEVICE_FAMILY = "1,2";
			};
			name = Debug;
		};
		52C6EA7D1FA82B730001E729 /* Release */ = {
			isa = XCBuildConfiguration;
			buildSettings = {
				ALWAYS_SEARCH_USER_PATHS = NO;
				CLANG_ANALYZER_NONNULL = YES;
				CLANG_ANALYZER_NUMBER_OBJECT_CONVERSION = YES_AGGRESSIVE;
				CLANG_CXX_LANGUAGE_STANDARD = "gnu++0x";
				CLANG_CXX_LIBRARY = "libc++";
				CLANG_ENABLE_MODULES = YES;
				CLANG_ENABLE_OBJC_ARC = YES;
				CLANG_WARN_BOOL_CONVERSION = YES;
				CLANG_WARN_CONSTANT_CONVERSION = YES;
				CLANG_WARN_DIRECT_OBJC_ISA_USAGE = YES_ERROR;
				CLANG_WARN_DOCUMENTATION_COMMENTS = YES;
				CLANG_WARN_EMPTY_BODY = YES;
				CLANG_WARN_ENUM_CONVERSION = YES;
				CLANG_WARN_INFINITE_RECURSION = YES;
				CLANG_WARN_INT_CONVERSION = YES;
				CLANG_WARN_OBJC_ROOT_CLASS = YES_ERROR;
				CLANG_WARN_SUSPICIOUS_MOVE = YES;
				CLANG_WARN_UNREACHABLE_CODE = YES;
				CLANG_WARN__DUPLICATE_METHOD_MATCH = YES;
				"CODE_SIGN_IDENTITY[sdk=iphoneos*]" = "iPhone Developer";
				COPY_PHASE_STRIP = NO;
				DEBUG_INFORMATION_FORMAT = "dwarf-with-dsym";
				ENABLE_NS_ASSERTIONS = NO;
				ENABLE_STRICT_OBJC_MSGSEND = YES;
				GCC_C_LANGUAGE_STANDARD = gnu99;
				GCC_NO_COMMON_BLOCKS = YES;
				GCC_WARN_64_TO_32_BIT_CONVERSION = YES;
				GCC_WARN_ABOUT_RETURN_TYPE = YES_ERROR;
				GCC_WARN_UNDECLARED_SELECTOR = YES;
				GCC_WARN_UNINITIALIZED_AUTOS = YES_AGGRESSIVE;
				GCC_WARN_UNUSED_FUNCTION = YES;
				GCC_WARN_UNUSED_VARIABLE = YES;
				IPHONEOS_DEPLOYMENT_TARGET = 10.3;
				MTL_ENABLE_DEBUG_INFO = NO;
				SDKROOT = iphoneos;
				SWIFT_OPTIMIZATION_LEVEL = "-Owholemodule";
				TARGETED_DEVICE_FAMILY = "1,2";
				VALIDATE_PRODUCT = YES;
			};
			name = Release;
		};
		52C6EA7F1FA82B730001E729 /* Debug */ = {
			isa = XCBuildConfiguration;
			buildSettings = {
				ASSETCATALOG_COMPILER_APPICON_NAME = AppIcon;
				DEVELOPMENT_TEAM = ZZ698KZ5HN;
				INFOPLIST_FILE = Gestur/Info.plist;
				LD_RUNPATH_SEARCH_PATHS = "$(inherited) @executable_path/Frameworks";
				PRODUCT_BUNDLE_IDENTIFIER = gestur;
				PRODUCT_NAME = "$(TARGET_NAME)";
				SWIFT_VERSION = 3.0;
			};
			name = Debug;
		};
		52C6EA801FA82B730001E729 /* Release */ = {
			isa = XCBuildConfiguration;
			buildSettings = {
				ASSETCATALOG_COMPILER_APPICON_NAME = AppIcon;
				DEVELOPMENT_TEAM = ZZ698KZ5HN;
				INFOPLIST_FILE = Gestur/Info.plist;
				LD_RUNPATH_SEARCH_PATHS = "$(inherited) @executable_path/Frameworks";
				PRODUCT_BUNDLE_IDENTIFIER = gestur;
				PRODUCT_NAME = "$(TARGET_NAME)";
				SWIFT_VERSION = 3.0;
			};
			name = Release;
		};
/* End XCBuildConfiguration section */

/* Begin XCConfigurationList section */
		52C6EA641FA82B730001E729 /* Build configuration list for PBXProject "Gestur" */ = {
			isa = XCConfigurationList;
			buildConfigurations = (
				52C6EA7C1FA82B730001E729 /* Debug */,
				52C6EA7D1FA82B730001E729 /* Release */,
			);
			defaultConfigurationIsVisible = 0;
			defaultConfigurationName = Release;
		};
		52C6EA7E1FA82B730001E729 /* Build configuration list for PBXNativeTarget "Gestur" */ = {
			isa = XCConfigurationList;
			buildConfigurations = (
				52C6EA7F1FA82B730001E729 /* Debug */,
				52C6EA801FA82B730001E729 /* Release */,
			);
			defaultConfigurationIsVisible = 0;
			defaultConfigurationName = Release;
		};
/* End XCConfigurationList section */

/* Begin XCVersionGroup section */
		52C6EA731FA82B730001E729 /* Gestur.xcdatamodeld */ = {
			isa = XCVersionGroup;
			children = (
				52C6EA741FA82B730001E729 /* Gestur.xcdatamodel */,
			);
			currentVersion = 52C6EA741FA82B730001E729 /* Gestur.xcdatamodel */;
			path = Gestur.xcdatamodeld;
			sourceTree = "<group>";
			versionGroupType = wrapper.xcdatamodel;
		};
/* End XCVersionGroup section */
	};
	rootObject = 52C6EA611FA82B730001E729 /* Project object */;
}
